
Microsoft Visual Studio Solution File, Format Version 12.00
# Visual Studio Version 17
VisualStudioVersion = 17.14.36401.2
MinimumVisualStudioVersion = 10.0.40219.1
Project("{2150E333-8FDC-42A3-9474-1A3956D46DE8}") = "Solution Items", "Solution Items", "{02EA681E-C7D8-13C7-8484-4AC65E1B71E8}"
	ProjectSection(SolutionItems) = preProject
		.editorconfig = .editorconfig
		Directory.Build.props = Directory.Build.props
	EndProjectSection
EndProject
Project("{2150E333-8FDC-42A3-9474-1A3956D46DE8}") = "src", "src", "{E04FF6AB-C112-461B-9254-D8AA8F38A870}"
EndProject
Project("{2150E333-8FDC-42A3-9474-1A3956D46DE8}") = "API", "API", "{1894B857-BD03-49A3-9F1C-ED7F1D1936DF}"
EndProject
Project("{2150E333-8FDC-42A3-9474-1A3956D46DE8}") = "Common", "Common", "{E35186C3-2808-4DB0-8FBA-09889E5B403A}"
EndProject
Project("{2150E333-8FDC-42A3-9474-1A3956D46DE8}") = "Modules", "Modules", "{171D67A8-4C89-43A0-A90F-14E0E2C48667}"
EndProject
Project("{2150E333-8FDC-42A3-9474-1A3956D46DE8}") = "Catalogue", "Catalogue", "{D8CBDDAB-167F-46FD-B847-3941823BAE3B}"
EndProject
Project("{FAE04EC0-301F-11D3-BF4B-00C04F79EFBC}") = "Futions.CRM.Modules.Catalogue.Domain", "src\Modules\ProductBook\Futions.CRM.Modules.ProductBook.Domain\Futions.CRM.Modules.Catalogue.Domain.csproj", "{8BA45F0D-B2DA-40DC-A521-224AEA11DFA9}"
EndProject
Project("{FAE04EC0-301F-11D3-BF4B-00C04F79EFBC}") = "Futions.CRM.Modules.Catalogue.Application", "src\Modules\ProductBook\Futions.CRM.Modules.ProductBook.Application\Futions.CRM.Modules.Catalogue.Application.csproj", "{7C0B89F5-8E47-4136-9A38-3035B72CC91A}"
EndProject
Project("{FAE04EC0-301F-11D3-BF4B-00C04F79EFBC}") = "Futions.CRM.Modules.Catalogue.Infrastructure", "src\Modules\ProductBook\Futions.CRM.Modules.ProductBook.Infrastructure\Futions.CRM.Modules.Catalogue.Infrastructure.csproj", "{573E1324-DBE2-4337-83EE-71AAC916C254}"
EndProject
Project("{FAE04EC0-301F-11D3-BF4B-00C04F79EFBC}") = "Futions.CRM.Modules.Catalogue.Presentation", "src\Modules\ProductBook\Futions.CRM.Modules.ProductBook.Presentation\Futions.CRM.Modules.Catalogue.Presentation.csproj", "{43B3F491-0659-458D-954F-85A189121F38}"
EndProject
Project("{FAE04EC0-301F-11D3-BF4B-00C04F79EFBC}") = "Futions.CRM.Common.Domain", "src\Common\Futions.CRM.Common.Domain\Futions.CRM.Common.Domain.csproj", "{53457FE5-C336-405E-9E5E-6BC2F822EB39}"
EndProject
Project("{FAE04EC0-301F-11D3-BF4B-00C04F79EFBC}") = "Futions.CRM.Common.Application", "src\Common\Futions.CRM.Common.Application\Futions.CRM.Common.Application.csproj", "{807CEC08-F972-42C7-ADD4-22AD6B3993E3}"
EndProject
Project("{FAE04EC0-301F-11D3-BF4B-00C04F79EFBC}") = "Futions.CRM.Common.Infrastructure", "src\Common\Futions.CRM.Common.Infrastructure\Futions.CRM.Common.Infrastructure.csproj", "{42274E94-7915-4D82-8F6B-46796787767E}"
EndProject
Project("{FAE04EC0-301F-11D3-BF4B-00C04F79EFBC}") = "Futions.CRM.Common.Presentation", "src\Common\Futions.CRM.Common.Presentation\Futions.CRM.Common.Presentation.csproj", "{CEBE516B-45A4-4CC8-8FE6-21929F2BFF4C}"
EndProject
Project("{FAE04EC0-301F-11D3-BF4B-00C04F79EFBC}") = "Futions.CRM.API.Presentation", "src\API\Futions.CRM.API.Presentation\Futions.CRM.API.Presentation.csproj", "{1398ABAA-BB4A-45DC-ACB3-663109AAED31}"
EndProject
Project("{E53339B2-1760-4266-BCC7-CA923CBCF16C}") = "docker-compose", "docker-compose.dcproj", "{81DDED9D-158B-E303-5F62-77A2896D2A5A}"
EndProject
Project("{2150E333-8FDC-42A3-9474-1A3956D46DE8}") = "Deals", "Deals", "{3B0F05B3-101A-460A-A7C9-0941307F4E6A}"
EndProject
Project("{FAE04EC0-301F-11D3-BF4B-00C04F79EFBC}") = "Futions.CRM.Modules.Deals.Application", "src\Modules\Deals\Futions.CRM.Modules.Deals.Application\Futions.CRM.Modules.Deals.Application.csproj", "{0A79D994-9286-4116-BF7B-54BE3A73EDAC}"
EndProject
Project("{FAE04EC0-301F-11D3-BF4B-00C04F79EFBC}") = "Futions.CRM.Modules.Deals.Domain", "src\Modules\Deals\Futions.CRM.Modules.Deals.Domain\Futions.CRM.Modules.Deals.Domain.csproj", "{A4F66325-19D4-4A57-93EE-F58C362D1409}"
EndProject
Project("{FAE04EC0-301F-11D3-BF4B-00C04F79EFBC}") = "Futions.CRM.Modules.Deals.Infrastructure", "src\Modules\Deals\Futions.CRM.Modules.Deals.Infrastructure\Futions.CRM.Modules.Deals.Infrastructure.csproj", "{C26A5263-4EDE-47D2-899F-BECF89073F5F}"
EndProject
Project("{FAE04EC0-301F-11D3-BF4B-00C04F79EFBC}") = "Futions.CRM.Modules.Deals.Presentation", "src\Modules\Deals\Futions.CRM.Modules.Deals.Presentation\Futions.CRM.Modules.Deals.Presentation.csproj", "{4543CA7F-A4B7-4BB0-8D3D-EAE85E5F5053}"
EndProject
Project("{2150E333-8FDC-42A3-9474-1A3956D46DE8}") = "Users", "Users", "{DD4A0FA6-541B-4C23-A347-DD9001348E83}"
EndProject
Project("{FAE04EC0-301F-11D3-BF4B-00C04F79EFBC}") = "Futions.CRM.Modules.Users.Application", "src\Modules\Users\Futions.CRM.Modules.Users.Application\Futions.CRM.Modules.Users.Application.csproj", "{6D516829-BF57-4810-9C7B-96DE37EE0AAB}"
EndProject
Project("{FAE04EC0-301F-11D3-BF4B-00C04F79EFBC}") = "Futions.CRM.Modules.Users.Domain", "src\Modules\Users\Futions.CRM.Modules.Users.Domain\Futions.CRM.Modules.Users.Domain.csproj", "{A11B2F7D-C146-4314-AF54-8078A32A119D}"
EndProject
Project("{FAE04EC0-301F-11D3-BF4B-00C04F79EFBC}") = "Futions.CRM.Modules.Users.Infrastructure", "src\Modules\Users\Futions.CRM.Modules.Users.Infrastructure\Futions.CRM.Modules.Users.Infrastructure.csproj", "{EE2874B9-D192-466F-BBC2-B002B2E38822}"
EndProject
Project("{FAE04EC0-301F-11D3-BF4B-00C04F79EFBC}") = "Futions.CRM.Modules.Users.Presentation", "src\Modules\Users\Futions.CRM.Modules.Users.Presentation\Futions.CRM.Modules.Users.Presentation.csproj", "{9FE46172-1C35-4609-968F-CD2F111B37A0}"
EndProject
Project("{FAE04EC0-301F-11D3-BF4B-00C04F79EFBC}") = "Futions.CRM.Modules.Catalogue.IntegrationEvents", "src\Modules\ProductBook\Futions.CRM.Modules.Catalogue.IntegrationEvents\Futions.CRM.Modules.Catalogue.IntegrationEvents.csproj", "{E2DE5B8A-FE65-416E-A961-13401071D557}"
EndProject
Global
	GlobalSection(SolutionConfigurationPlatforms) = preSolution
		Debug|Any CPU = Debug|Any CPU
		Release|Any CPU = Release|Any CPU
	EndGlobalSection
	GlobalSection(ProjectConfigurationPlatforms) = postSolution
		{8BA45F0D-B2DA-40DC-A521-224AEA11DFA9}.Debug|Any CPU.ActiveCfg = Debug|Any CPU
		{8BA45F0D-B2DA-40DC-A521-224AEA11DFA9}.Debug|Any CPU.Build.0 = Debug|Any CPU
		{8BA45F0D-B2DA-40DC-A521-224AEA11DFA9}.Release|Any CPU.ActiveCfg = Release|Any CPU
		{8BA45F0D-B2DA-40DC-A521-224AEA11DFA9}.Release|Any CPU.Build.0 = Release|Any CPU
		{7C0B89F5-8E47-4136-9A38-3035B72CC91A}.Debug|Any CPU.ActiveCfg = Debug|Any CPU
		{7C0B89F5-8E47-4136-9A38-3035B72CC91A}.Debug|Any CPU.Build.0 = Debug|Any CPU
		{7C0B89F5-8E47-4136-9A38-3035B72CC91A}.Release|Any CPU.ActiveCfg = Release|Any CPU
		{7C0B89F5-8E47-4136-9A38-3035B72CC91A}.Release|Any CPU.Build.0 = Release|Any CPU
		{573E1324-DBE2-4337-83EE-71AAC916C254}.Debug|Any CPU.ActiveCfg = Debug|Any CPU
		{573E1324-DBE2-4337-83EE-71AAC916C254}.Debug|Any CPU.Build.0 = Debug|Any CPU
		{573E1324-DBE2-4337-83EE-71AAC916C254}.Release|Any CPU.ActiveCfg = Release|Any CPU
		{573E1324-DBE2-4337-83EE-71AAC916C254}.Release|Any CPU.Build.0 = Release|Any CPU
		{43B3F491-0659-458D-954F-85A189121F38}.Debug|Any CPU.ActiveCfg = Debug|Any CPU
		{43B3F491-0659-458D-954F-85A189121F38}.Debug|Any CPU.Build.0 = Debug|Any CPU
		{43B3F491-0659-458D-954F-85A189121F38}.Release|Any CPU.ActiveCfg = Release|Any CPU
		{43B3F491-0659-458D-954F-85A189121F38}.Release|Any CPU.Build.0 = Release|Any CPU
		{53457FE5-C336-405E-9E5E-6BC2F822EB39}.Debug|Any CPU.ActiveCfg = Debug|Any CPU
		{53457FE5-C336-405E-9E5E-6BC2F822EB39}.Debug|Any CPU.Build.0 = Debug|Any CPU
		{53457FE5-C336-405E-9E5E-6BC2F822EB39}.Release|Any CPU.ActiveCfg = Release|Any CPU
		{53457FE5-C336-405E-9E5E-6BC2F822EB39}.Release|Any CPU.Build.0 = Release|Any CPU
		{807CEC08-F972-42C7-ADD4-22AD6B3993E3}.Debug|Any CPU.ActiveCfg = Debug|Any CPU
		{807CEC08-F972-42C7-ADD4-22AD6B3993E3}.Debug|Any CPU.Build.0 = Debug|Any CPU
		{807CEC08-F972-42C7-ADD4-22AD6B3993E3}.Release|Any CPU.ActiveCfg = Release|Any CPU
		{807CEC08-F972-42C7-ADD4-22AD6B3993E3}.Release|Any CPU.Build.0 = Release|Any CPU
		{42274E94-7915-4D82-8F6B-46796787767E}.Debug|Any CPU.ActiveCfg = Debug|Any CPU
		{42274E94-7915-4D82-8F6B-46796787767E}.Debug|Any CPU.Build.0 = Debug|Any CPU
		{42274E94-7915-4D82-8F6B-46796787767E}.Release|Any CPU.ActiveCfg = Release|Any CPU
		{42274E94-7915-4D82-8F6B-46796787767E}.Release|Any CPU.Build.0 = Release|Any CPU
		{CEBE516B-45A4-4CC8-8FE6-21929F2BFF4C}.Debug|Any CPU.ActiveCfg = Debug|Any CPU
		{CEBE516B-45A4-4CC8-8FE6-21929F2BFF4C}.Debug|Any CPU.Build.0 = Debug|Any CPU
		{CEBE516B-45A4-4CC8-8FE6-21929F2BFF4C}.Release|Any CPU.ActiveCfg = Release|Any CPU
		{CEBE516B-45A4-4CC8-8FE6-21929F2BFF4C}.Release|Any CPU.Build.0 = Release|Any CPU
		{1398ABAA-BB4A-45DC-ACB3-663109AAED31}.Debug|Any CPU.ActiveCfg = Debug|Any CPU
		{1398ABAA-BB4A-45DC-ACB3-663109AAED31}.Debug|Any CPU.Build.0 = Debug|Any CPU
		{1398ABAA-BB4A-45DC-ACB3-663109AAED31}.Release|Any CPU.ActiveCfg = Release|Any CPU
		{1398ABAA-BB4A-45DC-ACB3-663109AAED31}.Release|Any CPU.Build.0 = Release|Any CPU
		{81DDED9D-158B-E303-5F62-77A2896D2A5A}.Debug|Any CPU.ActiveCfg = Debug|Any CPU
		{81DDED9D-158B-E303-5F62-77A2896D2A5A}.Debug|Any CPU.Build.0 = Debug|Any CPU
		{81DDED9D-158B-E303-5F62-77A2896D2A5A}.Release|Any CPU.ActiveCfg = Release|Any CPU
		{81DDED9D-158B-E303-5F62-77A2896D2A5A}.Release|Any CPU.Build.0 = Release|Any CPU
		{0A79D994-9286-4116-BF7B-54BE3A73EDAC}.Debug|Any CPU.ActiveCfg = Debug|Any CPU
		{0A79D994-9286-4116-BF7B-54BE3A73EDAC}.Debug|Any CPU.Build.0 = Debug|Any CPU
		{0A79D994-9286-4116-BF7B-54BE3A73EDAC}.Release|Any CPU.ActiveCfg = Release|Any CPU
		{0A79D994-9286-4116-BF7B-54BE3A73EDAC}.Release|Any CPU.Build.0 = Release|Any CPU
		{A4F66325-19D4-4A57-93EE-F58C362D1409}.Debug|Any CPU.ActiveCfg = Debug|Any CPU
		{A4F66325-19D4-4A57-93EE-F58C362D1409}.Debug|Any CPU.Build.0 = Debug|Any CPU
		{A4F66325-19D4-4A57-93EE-F58C362D1409}.Release|Any CPU.ActiveCfg = Release|Any CPU
		{A4F66325-19D4-4A57-93EE-F58C362D1409}.Release|Any CPU.Build.0 = Release|Any CPU
		{C26A5263-4EDE-47D2-899F-BECF89073F5F}.Debug|Any CPU.ActiveCfg = Debug|Any CPU
		{C26A5263-4EDE-47D2-899F-BECF89073F5F}.Debug|Any CPU.Build.0 = Debug|Any CPU
		{C26A5263-4EDE-47D2-899F-BECF89073F5F}.Release|Any CPU.ActiveCfg = Release|Any CPU
		{C26A5263-4EDE-47D2-899F-BECF89073F5F}.Release|Any CPU.Build.0 = Release|Any CPU
		{4543CA7F-A4B7-4BB0-8D3D-EAE85E5F5053}.Debug|Any CPU.ActiveCfg = Debug|Any CPU
		{4543CA7F-A4B7-4BB0-8D3D-EAE85E5F5053}.Debug|Any CPU.Build.0 = Debug|Any CPU
		{4543CA7F-A4B7-4BB0-8D3D-EAE85E5F5053}.Release|Any CPU.ActiveCfg = Release|Any CPU
		{4543CA7F-A4B7-4BB0-8D3D-EAE85E5F5053}.Release|Any CPU.Build.0 = Release|Any CPU
		{6D516829-BF57-4810-9C7B-96DE37EE0AAB}.Debug|Any CPU.ActiveCfg = Debug|Any CPU
		{6D516829-BF57-4810-9C7B-96DE37EE0AAB}.Debug|Any CPU.Build.0 = Debug|Any CPU
		{6D516829-BF57-4810-9C7B-96DE37EE0AAB}.Release|Any CPU.ActiveCfg = Release|Any CPU
		{6D516829-BF57-4810-9C7B-96DE37EE0AAB}.Release|Any CPU.Build.0 = Release|Any CPU
		{A11B2F7D-C146-4314-AF54-8078A32A119D}.Debug|Any CPU.ActiveCfg = Debug|Any CPU
		{A11B2F7D-C146-4314-AF54-8078A32A119D}.Debug|Any CPU.Build.0 = Debug|Any CPU
		{A11B2F7D-C146-4314-AF54-8078A32A119D}.Release|Any CPU.ActiveCfg = Release|Any CPU
		{A11B2F7D-C146-4314-AF54-8078A32A119D}.Release|Any CPU.Build.0 = Release|Any CPU
		{EE2874B9-D192-466F-BBC2-B002B2E38822}.Debug|Any CPU.ActiveCfg = Debug|Any CPU
		{EE2874B9-D192-466F-BBC2-B002B2E38822}.Debug|Any CPU.Build.0 = Debug|Any CPU
		{EE2874B9-D192-466F-BBC2-B002B2E38822}.Release|Any CPU.ActiveCfg = Release|Any CPU
		{EE2874B9-D192-466F-BBC2-B002B2E38822}.Release|Any CPU.Build.0 = Release|Any CPU
		{9FE46172-1C35-4609-968F-CD2F111B37A0}.Debug|Any CPU.ActiveCfg = Debug|Any CPU
		{9FE46172-1C35-4609-968F-CD2F111B37A0}.Debug|Any CPU.Build.0 = Debug|Any CPU
		{9FE46172-1C35-4609-968F-CD2F111B37A0}.Release|Any CPU.ActiveCfg = Release|Any CPU
		{9FE46172-1C35-4609-968F-CD2F111B37A0}.Release|Any CPU.Build.0 = Release|Any CPU
		{E2DE5B8A-FE65-416E-A961-13401071D557}.Debug|Any CPU.ActiveCfg = Debug|Any CPU
		{E2DE5B8A-FE65-416E-A961-13401071D557}.Debug|Any CPU.Build.0 = Debug|Any CPU
		{E2DE5B8A-FE65-416E-A961-13401071D557}.Release|Any CPU.ActiveCfg = Release|Any CPU
		{E2DE5B8A-FE65-416E-A961-13401071D557}.Release|Any CPU.Build.0 = Release|Any CPU
	EndGlobalSection
	GlobalSection(SolutionProperties) = preSolution
		HideSolutionNode = FALSE
	EndGlobalSection
	GlobalSection(NestedProjects) = preSolution
		{1894B857-BD03-49A3-9F1C-ED7F1D1936DF} = {E04FF6AB-C112-461B-9254-D8AA8F38A870}
		{E35186C3-2808-4DB0-8FBA-09889E5B403A} = {E04FF6AB-C112-461B-9254-D8AA8F38A870}
		{171D67A8-4C89-43A0-A90F-14E0E2C48667} = {E04FF6AB-C112-461B-9254-D8AA8F38A870}
		{D8CBDDAB-167F-46FD-B847-3941823BAE3B} = {171D67A8-4C89-43A0-A90F-14E0E2C48667}
		{8BA45F0D-B2DA-40DC-A521-224AEA11DFA9} = {D8CBDDAB-167F-46FD-B847-3941823BAE3B}
		{7C0B89F5-8E47-4136-9A38-3035B72CC91A} = {D8CBDDAB-167F-46FD-B847-3941823BAE3B}
		{573E1324-DBE2-4337-83EE-71AAC916C254} = {D8CBDDAB-167F-46FD-B847-3941823BAE3B}
		{43B3F491-0659-458D-954F-85A189121F38} = {D8CBDDAB-167F-46FD-B847-3941823BAE3B}
		{53457FE5-C336-405E-9E5E-6BC2F822EB39} = {E35186C3-2808-4DB0-8FBA-09889E5B403A}
		{807CEC08-F972-42C7-ADD4-22AD6B3993E3} = {E35186C3-2808-4DB0-8FBA-09889E5B403A}
		{42274E94-7915-4D82-8F6B-46796787767E} = {E35186C3-2808-4DB0-8FBA-09889E5B403A}
		{CEBE516B-45A4-4CC8-8FE6-21929F2BFF4C} = {E35186C3-2808-4DB0-8FBA-09889E5B403A}
		{1398ABAA-BB4A-45DC-ACB3-663109AAED31} = {1894B857-BD03-49A3-9F1C-ED7F1D1936DF}
		{3B0F05B3-101A-460A-A7C9-0941307F4E6A} = {171D67A8-4C89-43A0-A90F-14E0E2C48667}
		{0A79D994-9286-4116-BF7B-54BE3A73EDAC} = {3B0F05B3-101A-460A-A7C9-0941307F4E6A}
		{A4F66325-19D4-4A57-93EE-F58C362D1409} = {3B0F05B3-101A-460A-A7C9-0941307F4E6A}
		{C26A5263-4EDE-47D2-899F-BECF89073F5F} = {3B0F05B3-101A-460A-A7C9-0941307F4E6A}
		{4543CA7F-A4B7-4BB0-8D3D-EAE85E5F5053} = {3B0F05B3-101A-460A-A7C9-0941307F4E6A}
		{DD4A0FA6-541B-4C23-A347-DD9001348E83} = {171D67A8-4C89-43A0-A90F-14E0E2C48667}
		{6D516829-BF57-4810-9C7B-96DE37EE0AAB} = {DD4A0FA6-541B-4C23-A347-DD9001348E83}
		{A11B2F7D-C146-4314-AF54-8078A32A119D} = {DD4A0FA6-541B-4C23-A347-DD9001348E83}
		{EE2874B9-D192-466F-BBC2-B002B2E38822} = {DD4A0FA6-541B-4C23-A347-DD9001348E83}
		{9FE46172-1C35-4609-968F-CD2F111B37A0} = {DD4A0FA6-541B-4C23-A347-DD9001348E83}
		{E2DE5B8A-FE65-416E-A961-13401071D557} = {D8CBDDAB-167F-46FD-B847-3941823BAE3B}
	EndGlobalSection
	GlobalSection(ExtensibilityGlobals) = postSolution
		SolutionGuid = {AB4246C6-FF5D-41B8-8C93-A8580135A4CC}
	EndGlobalSection
EndGlobal
